# This file is automatically @generated by Cargo.
# It is not intended for manual editing.
version = 3

[[package]]
name = "my-project"
version = "0.1.0"
dependencies = [
 "serde_yaml",
]

[[package]]
name = "serde_yaml"
version = "0.8.26"
source = "registry+https://github.com/rust-lang/crates.io-index"
checksum = "578a7433b776b56a35785ed5ce9a7e777ac0598aac5a6dd1b4b18a307c7ec490"
